{
  "version": 4,
  "terraform_version": "1.9.8",
  "serial": 49,
  "lineage": "9b176e0f-2a4f-02fc-bf78-e53817421f3b",
  "outputs": {
    "instance_url": {
      "value": "http://34.233.203.47:8883",
      "type": "string"
    }
  },
  "resources": [
    {
      "mode": "data",
      "type": "aws_ami",
      "name": "redhat",
      "provider": "provider[\"registry.terraform.io/hashicorp/aws\"]",
      "instances": [
        {
          "schema_version": 0,
          "attributes": {
            "architecture": "x86_64",
            "arn": "arn:aws:ec2:us-east-1::image/ami-077767295e2dfeabd",
            "block_device_mappings": [
              {
                "device_name": "/dev/sda1",
                "ebs": {
                  "delete_on_termination": "true",
                  "encrypted": "false",
                  "iops": "0",
                  "snapshot_id": "snap-007dfd1a994322209",
                  "throughput": "0",
                  "volume_size": "10",
                  "volume_type": "gp3"
                },
                "no_device": "",
                "virtual_name": ""
              }
            ],
            "boot_mode": "uefi-preferred",
            "creation_date": "2024-09-19T17:52:18.000Z",
            "deprecation_time": "2026-09-19T17:52:18.000Z",
            "description": "Provided by Red Hat, Inc.",
            "ena_support": true,
            "executable_users": null,
            "filter": [
              {
                "name": "architecture",
                "values": [
                  "x86_64"
                ]
              },
              {
                "name": "name",
                "values": [
                  "RHEL-8.*GA*"
                ]
              },
              {
                "name": "virtualization-type",
                "values": [
                  "hvm"
                ]
              }
            ],
            "hypervisor": "xen",
            "id": "ami-077767295e2dfeabd",
            "image_id": "ami-077767295e2dfeabd",
            "image_location": "amazon/RHEL-8.10_HVM_GA-20240917-x86_64-1540-Hourly2-GP3",
            "image_owner_alias": "amazon",
            "image_type": "machine",
            "imds_support": "",
            "include_deprecated": false,
            "kernel_id": "",
            "most_recent": true,
            "name": "RHEL-8.10_HVM_GA-20240917-x86_64-1540-Hourly2-GP3",
            "name_regex": null,
            "owner_id": "309956199498",
            "owners": [
              "309956199498"
            ],
            "platform": "",
            "platform_details": "Red Hat Enterprise Linux",
            "product_codes": [],
            "public": true,
            "ramdisk_id": "",
            "root_device_name": "/dev/sda1",
            "root_device_type": "ebs",
            "root_snapshot_id": "snap-007dfd1a994322209",
            "sriov_net_support": "simple",
            "state": "available",
            "state_reason": {
              "code": "UNSET",
              "message": "UNSET"
            },
            "tags": {},
            "timeouts": null,
            "tpm_support": "",
            "usage_operation": "RunInstances:0010",
            "virtualization_type": "hvm"
          },
          "sensitive_attributes": []
        }
      ]
    },
    {
      "mode": "managed",
      "type": "aws_cloudwatch_metric_alarm",
      "name": "my_cpu_alarm",
      "provider": "provider[\"registry.terraform.io/hashicorp/aws\"]",
      "instances": [
        {
          "schema_version": 1,
          "attributes": {
            "actions_enabled": true,
            "alarm_actions": [
              "arn:aws:sns:us-east-1:123456789012:my-sns-topic"
            ],
            "alarm_description": "This alarm triggers if CPU utilization exceeds 80% for 5 minutes",
            "alarm_name": "HighCPUUtilization",
            "arn": "arn:aws:cloudwatch:us-east-1:891377252221:alarm:HighCPUUtilization",
            "comparison_operator": "GreaterThanThreshold",
            "datapoints_to_alarm": 0,
            "dimensions": {
              "InstanceId": "i-07d3974b06e8fb06e"
            },
            "evaluate_low_sample_count_percentiles": "",
            "evaluation_periods": 2,
            "extended_statistic": "",
            "id": "HighCPUUtilization",
            "insufficient_data_actions": [],
            "metric_name": "CPUUtilization",
            "metric_query": [],
            "namespace": "AWS/EC2",
            "ok_actions": [],
            "period": 600,
            "statistic": "Average",
            "tags": {},
            "tags_all": {},
            "threshold": 80,
            "threshold_metric_id": "",
            "treat_missing_data": "missing",
            "unit": ""
          },
          "sensitive_attributes": [],
          "private": "eyJzY2hlbWFfdmVyc2lvbiI6IjEifQ==",
          "dependencies": [
            "aws_iam_instance_profile.ec2_instance_profile",
            "aws_iam_role.ec2_role",
            "aws_instance.redhat_instance",
            "aws_key_pair.generated_key_pair",
            "aws_security_group.instance_sg",
            "data.aws_ami.redhat",
            "tls_private_key.ssh_key"
          ]
        }
      ]
    },
    {
      "mode": "managed",
      "type": "aws_eip",
      "name": "elastic_ip",
      "provider": "provider[\"registry.terraform.io/hashicorp/aws\"]",
      "instances": [
        {
          "schema_version": 0,
          "attributes": {
            "address": null,
            "allocation_id": "eipalloc-0fc50173239e3d627",
            "arn": "arn:aws:ec2:us-east-1:891377252221:elastic-ip/eipalloc-0fc50173239e3d627",
            "associate_with_private_ip": null,
            "association_id": "eipassoc-0247b44f0332e630b",
            "carrier_ip": "",
            "customer_owned_ip": "",
            "customer_owned_ipv4_pool": "",
            "domain": "vpc",
            "id": "eipalloc-0fc50173239e3d627",
            "instance": "i-07d3974b06e8fb06e",
            "ipam_pool_id": null,
            "network_border_group": "us-east-1",
            "network_interface": "eni-0676121b6e6ff2ed4",
            "private_dns": "ip-172-31-80-126.ec2.internal",
            "private_ip": "172.31.80.126",
            "ptr_record": "",
            "public_dns": "ec2-34-233-203-47.compute-1.amazonaws.com",
            "public_ip": "34.233.203.47",
            "public_ipv4_pool": "amazon",
            "tags": {},
            "tags_all": {},
            "timeouts": null,
            "vpc": true
          },
          "sensitive_attributes": [],
          "private": "eyJlMmJmYjczMC1lY2FhLTExZTYtOGY4OC0zNDM2M2JjN2M0YzAiOnsiZGVsZXRlIjoxODAwMDAwMDAwMDAsInJlYWQiOjkwMDAwMDAwMDAwMCwidXBkYXRlIjozMDAwMDAwMDAwMDB9fQ==",
          "dependencies": [
            "aws_iam_instance_profile.ec2_instance_profile",
            "aws_iam_role.ec2_role",
            "aws_instance.redhat_instance",
            "aws_key_pair.generated_key_pair",
            "aws_security_group.instance_sg",
            "data.aws_ami.redhat",
            "tls_private_key.ssh_key"
          ]
        }
      ]
    },
    {
      "mode": "managed",
      "type": "aws_iam_instance_profile",
      "name": "ec2_instance_profile",
      "provider": "provider[\"registry.terraform.io/hashicorp/aws\"]",
      "instances": [
        {
          "schema_version": 0,
          "attributes": {
            "arn": "arn:aws:iam::891377252221:instance-profile/ec2_instance_profile",
            "create_date": "2024-12-17T15:35:20Z",
            "id": "ec2_instance_profile",
            "name": "ec2_instance_profile",
            "name_prefix": "",
            "path": "/",
            "role": "ec2_s3_access_role",
            "tags": {},
            "tags_all": {},
            "unique_id": "AIPA47CRZO56Z4KWSUWHU"
          },
          "sensitive_attributes": [],
          "private": "bnVsbA==",
          "dependencies": [
            "aws_iam_role.ec2_role"
          ]
        }
      ]
    },
    {
      "mode": "managed",
      "type": "aws_iam_policy",
      "name": "s3_access_policy",
      "provider": "provider[\"registry.terraform.io/hashicorp/aws\"]",
      "instances": [
        {
          "schema_version": 0,
          "attributes": {
            "arn": "arn:aws:iam::891377252221:policy/s3_access_policy",
            "attachment_count": 1,
            "description": "Policy to allow S3 access",
            "id": "arn:aws:iam::891377252221:policy/s3_access_policy",
            "name": "s3_access_policy",
            "name_prefix": "",
            "path": "/",
            "policy": "{\"Statement\":[{\"Action\":[\"s3:GetObject\",\"s3:ListBucket\"],\"Effect\":\"Allow\",\"Resource\":[\"arn:aws:s3:::sas-sandbox-staging\",\"arn:aws:s3:::sas-sandbox-staging/*\"]}],\"Version\":\"2012-10-17\"}",
            "policy_id": "ANPA47CRZO56X5GL4SUWG",
            "tags": {},
            "tags_all": {}
          },
          "sensitive_attributes": [],
          "private": "bnVsbA=="
        }
      ]
    },
    {
      "mode": "managed",
      "type": "aws_iam_role",
      "name": "ec2_role",
      "provider": "provider[\"registry.terraform.io/hashicorp/aws\"]",
      "instances": [
        {
          "schema_version": 0,
          "attributes": {
            "arn": "arn:aws:iam::891377252221:role/ec2_s3_access_role",
            "assume_role_policy": "{\"Statement\":[{\"Action\":\"sts:AssumeRole\",\"Effect\":\"Allow\",\"Principal\":{\"Service\":\"ec2.amazonaws.com\"}}],\"Version\":\"2012-10-17\"}",
            "create_date": "2024-12-17T15:35:20Z",
            "description": "",
            "force_detach_policies": false,
            "id": "ec2_s3_access_role",
            "inline_policy": [],
            "managed_policy_arns": [
              "arn:aws:iam::891377252221:policy/s3_access_policy"
            ],
            "max_session_duration": 3600,
            "name": "ec2_s3_access_role",
            "name_prefix": "",
            "path": "/",
            "permissions_boundary": "",
            "tags": {},
            "tags_all": {},
            "unique_id": "AROA47CRZO56SSD4CQOTZ"
          },
          "sensitive_attributes": [],
          "private": "bnVsbA=="
        }
      ]
    },
    {
      "mode": "managed",
      "type": "aws_iam_role_policy_attachment",
      "name": "attach_s3_policy",
      "provider": "provider[\"registry.terraform.io/hashicorp/aws\"]",
      "instances": [
        {
          "schema_version": 0,
          "attributes": {
            "id": "ec2_s3_access_role-20241217153520632900000001",
            "policy_arn": "arn:aws:iam::891377252221:policy/s3_access_policy",
            "role": "ec2_s3_access_role"
          },
          "sensitive_attributes": [],
          "private": "bnVsbA==",
          "dependencies": [
            "aws_iam_policy.s3_access_policy",
            "aws_iam_role.ec2_role"
          ]
        }
      ]
    },
    {
      "mode": "managed",
      "type": "aws_instance",
      "name": "redhat_instance",
      "provider": "provider[\"registry.terraform.io/hashicorp/aws\"]",
      "instances": [
        {
          "schema_version": 1,
          "attributes": {
            "ami": "ami-077767295e2dfeabd",
            "arn": "arn:aws:ec2:us-east-1:891377252221:instance/i-07d3974b06e8fb06e",
            "associate_public_ip_address": true,
            "availability_zone": "us-east-1a",
            "capacity_reservation_specification": [
              {
                "capacity_reservation_preference": "open",
                "capacity_reservation_target": []
              }
            ],
            "cpu_core_count": 1,
            "cpu_options": [
              {
                "amd_sev_snp": "",
                "core_count": 1,
                "threads_per_core": 1
              }
            ],
            "cpu_threads_per_core": 1,
            "credit_specification": [
              {
                "cpu_credits": "standard"
              }
            ],
            "disable_api_stop": false,
            "disable_api_termination": false,
            "ebs_block_device": [],
            "ebs_optimized": false,
            "enclave_options": [
              {
                "enabled": false
              }
            ],
            "ephemeral_block_device": [],
            "get_password_data": false,
            "hibernation": false,
            "host_id": "",
            "host_resource_group_arn": null,
            "iam_instance_profile": "ec2_instance_profile",
            "id": "i-07d3974b06e8fb06e",
            "instance_initiated_shutdown_behavior": "stop",
            "instance_lifecycle": "",
            "instance_market_options": [],
            "instance_state": "running",
            "instance_type": "t2.micro",
            "ipv6_address_count": 0,
            "ipv6_addresses": [],
            "key_name": "redhat-instance-key",
            "launch_template": [],
            "maintenance_options": [
              {
                "auto_recovery": "default"
              }
            ],
            "metadata_options": [
              {
                "http_endpoint": "enabled",
                "http_protocol_ipv6": "disabled",
                "http_put_response_hop_limit": 1,
                "http_tokens": "optional",
                "instance_metadata_tags": "disabled"
              }
            ],
            "monitoring": true,
            "network_interface": [],
            "outpost_arn": "",
            "password_data": "",
            "placement_group": "",
            "placement_partition_number": 0,
            "primary_network_interface_id": "eni-0676121b6e6ff2ed4",
            "private_dns": "ip-172-31-80-126.ec2.internal",
            "private_dns_name_options": [
              {
                "enable_resource_name_dns_a_record": false,
                "enable_resource_name_dns_aaaa_record": false,
                "hostname_type": "ip-name"
              }
            ],
            "private_ip": "172.31.80.126",
            "public_dns": "ec2-34-233-203-47.compute-1.amazonaws.com",
            "public_ip": "34.233.203.47",
            "root_block_device": [
              {
                "delete_on_termination": true,
                "device_name": "/dev/sda1",
                "encrypted": false,
                "iops": 3000,
                "kms_key_id": "",
                "tags": {},
                "tags_all": {},
                "throughput": 125,
                "volume_id": "vol-00e9006c68c896a82",
                "volume_size": 10,
                "volume_type": "gp3"
              }
            ],
            "secondary_private_ips": [],
            "security_groups": [
              "instance_sg"
            ],
            "source_dest_check": true,
            "spot_instance_request_id": "",
            "subnet_id": "subnet-06427a94f9885658e",
            "tags": {
              "Name": "Modelize_Analyser"
            },
            "tags_all": {
              "Name": "Modelize_Analyser"
            },
            "tenancy": "default",
            "timeouts": null,
            "user_data": "4a12b05f92d1210561a7fcb023da04b8c560c064",
            "user_data_base64": null,
            "user_data_replace_on_change": false,
            "volume_tags": null,
            "vpc_security_group_ids": [
              "sg-084bc9c13f56442a5"
            ]
          },
          "sensitive_attributes": [],
          "private": "eyJlMmJmYjczMC1lY2FhLTExZTYtOGY4OC0zNDM2M2JjN2M0YzAiOnsiY3JlYXRlIjo2MDAwMDAwMDAwMDAsImRlbGV0ZSI6MTIwMDAwMDAwMDAwMCwicmVhZCI6OTAwMDAwMDAwMDAwLCJ1cGRhdGUiOjYwMDAwMDAwMDAwMH0sInNjaGVtYV92ZXJzaW9uIjoiMSJ9",
          "dependencies": [
            "aws_iam_instance_profile.ec2_instance_profile",
            "aws_iam_role.ec2_role",
            "aws_key_pair.generated_key_pair",
            "aws_security_group.instance_sg",
            "data.aws_ami.redhat",
            "tls_private_key.ssh_key"
          ]
        }
      ]
    },
    {
      "mode": "managed",
      "type": "aws_key_pair",
      "name": "generated_key_pair",
      "provider": "provider[\"registry.terraform.io/hashicorp/aws\"]",
      "instances": [
        {
          "schema_version": 1,
          "attributes": {
            "arn": "arn:aws:ec2:us-east-1:891377252221:key-pair/redhat-instance-key",
            "fingerprint": "94:35:cf:2e:b4:87:ee:ac:d7:7a:c0:77:e2:31:b2:c5",
            "id": "redhat-instance-key",
            "key_name": "redhat-instance-key",
            "key_name_prefix": "",
            "key_pair_id": "key-01ee0d25c2b73729a",
            "key_type": "rsa",
            "public_key": "ssh-rsa AAAAB3NzaC1yc2EAAAADAQABAAABAQCnsdBeba5+kd+wcPN5nQST0MackY7shR/kENIyBOG+4jwhSHC8XnhwgeCNiBl7xAsJV3TgHRaXQyVBHKhAV2IlNKS9dvzB+C1dAGcI8PTsX/52aJvCF2yXgv+BvnsFlDiTAzwvY7qaoikxYVDCUd9kJwQ9wLEQw1ekPUiS3HS0AwCE4DU1CzpoC16zZQFTl833VBSd8cEs+NEv0fWaEtWfzIa0cpz8Ngl3PyXokjrGm9p4L8+aqSdD3EIfUt+Xe7d7szHEWIMEMpdUd8lDKQ5HlxgK1E8EwsFgXQtH/2uuEVdi3F7dWfcvlgFk1PXoisbF9tSXFfgAu4Oghlu4TDCF",
            "tags": {},
            "tags_all": {}
          },
          "sensitive_attributes": [],
          "private": "eyJzY2hlbWFfdmVyc2lvbiI6IjEifQ==",
          "dependencies": [
            "tls_private_key.ssh_key"
          ]
        }
      ]
    },
    {
      "mode": "managed",
      "type": "aws_security_group",
      "name": "instance_sg",
      "provider": "provider[\"registry.terraform.io/hashicorp/aws\"]",
      "instances": [
        {
          "schema_version": 1,
          "attributes": {
            "arn": "arn:aws:ec2:us-east-1:891377252221:security-group/sg-084bc9c13f56442a5",
            "description": "Allow SSH and application port",
            "egress": [
              {
                "cidr_blocks": [
                  "0.0.0.0/0"
                ],
                "description": "",
                "from_port": 0,
                "ipv6_cidr_blocks": [],
                "prefix_list_ids": [],
                "protocol": "-1",
                "security_groups": [],
                "self": false,
                "to_port": 0
              }
            ],
            "id": "sg-084bc9c13f56442a5",
            "ingress": [
              {
                "cidr_blocks": [
                  "0.0.0.0/0"
                ],
                "description": "Application Port",
                "from_port": 8883,
                "ipv6_cidr_blocks": [],
                "prefix_list_ids": [],
                "protocol": "tcp",
                "security_groups": [],
                "self": false,
                "to_port": 8883
              },
              {
                "cidr_blocks": [
                  "0.0.0.0/0"
                ],
                "description": "SSH",
                "from_port": 22,
                "ipv6_cidr_blocks": [],
                "prefix_list_ids": [],
                "protocol": "tcp",
                "security_groups": [],
                "self": false,
                "to_port": 22
              },
              {
                "cidr_blocks": [
                  "0.0.0.0/0"
                ],
                "description": "SSH",
                "from_port": 8880,
                "ipv6_cidr_blocks": [],
                "prefix_list_ids": [],
                "protocol": "tcp",
                "security_groups": [],
                "self": false,
                "to_port": 8880
              },
              {
                "cidr_blocks": [],
                "description": "Allow ALB to connect to instance",
                "from_port": 8883,
                "ipv6_cidr_blocks": [],
                "prefix_list_ids": [],
                "protocol": "tcp",
                "security_groups": [],
                "self": false,
                "to_port": 8883
              }
            ],
            "name": "instance_sg",
            "name_prefix": "",
            "owner_id": "891377252221",
            "revoke_rules_on_delete": false,
            "tags": {},
            "tags_all": {},
            "timeouts": null,
            "vpc_id": "vpc-06f2f42cee386037b"
          },
          "sensitive_attributes": [],
          "private": "eyJlMmJmYjczMC1lY2FhLTExZTYtOGY4OC0zNDM2M2JjN2M0YzAiOnsiY3JlYXRlIjo2MDAwMDAwMDAwMDAsImRlbGV0ZSI6OTAwMDAwMDAwMDAwfSwic2NoZW1hX3ZlcnNpb24iOiIxIn0="
        }
      ]
    },
    {
      "mode": "managed",
      "type": "aws_sns_topic",
      "name": "alarm_topic",
      "provider": "provider[\"registry.terraform.io/hashicorp/aws\"]",
      "instances": [
        {
          "schema_version": 0,
          "attributes": {
            "application_failure_feedback_role_arn": "",
            "application_success_feedback_role_arn": "",
            "application_success_feedback_sample_rate": 0,
            "archive_policy": "",
            "arn": "arn:aws:sns:us-east-1:891377252221:alarm-topic",
            "beginning_archive_time": "",
            "content_based_deduplication": false,
            "delivery_policy": "",
            "display_name": "",
            "fifo_topic": false,
            "firehose_failure_feedback_role_arn": "",
            "firehose_success_feedback_role_arn": "",
            "firehose_success_feedback_sample_rate": 0,
            "http_failure_feedback_role_arn": "",
            "http_success_feedback_role_arn": "",
            "http_success_feedback_sample_rate": 0,
            "id": "arn:aws:sns:us-east-1:891377252221:alarm-topic",
            "kms_master_key_id": "",
            "lambda_failure_feedback_role_arn": "",
            "lambda_success_feedback_role_arn": "",
            "lambda_success_feedback_sample_rate": 0,
            "name": "alarm-topic",
            "name_prefix": "",
            "owner": "891377252221",
            "policy": "{\"Id\":\"__default_policy_ID\",\"Statement\":[{\"Action\":[\"SNS:GetTopicAttributes\",\"SNS:SetTopicAttributes\",\"SNS:AddPermission\",\"SNS:RemovePermission\",\"SNS:DeleteTopic\",\"SNS:Subscribe\",\"SNS:ListSubscriptionsByTopic\",\"SNS:Publish\"],\"Condition\":{\"StringEquals\":{\"AWS:SourceOwner\":\"891377252221\"}},\"Effect\":\"Allow\",\"Principal\":{\"AWS\":\"*\"},\"Resource\":\"arn:aws:sns:us-east-1:891377252221:alarm-topic\",\"Sid\":\"__default_statement_ID\"}],\"Version\":\"2008-10-17\"}",
            "signature_version": 0,
            "sqs_failure_feedback_role_arn": "",
            "sqs_success_feedback_role_arn": "",
            "sqs_success_feedback_sample_rate": 0,
            "tags": {},
            "tags_all": {},
            "tracing_config": ""
          },
          "sensitive_attributes": [],
          "private": "bnVsbA=="
        }
      ]
    },
    {
      "mode": "managed",
      "type": "aws_sns_topic_subscription",
      "name": "email_subscription",
      "provider": "provider[\"registry.terraform.io/hashicorp/aws\"]",
      "instances": [
        {
          "schema_version": 0,
          "attributes": {
            "arn": "arn:aws:sns:us-east-1:891377252221:alarm-topic:7dddb9a8-2823-4bea-85e3-2df7d331c779",
            "confirmation_timeout_in_minutes": 1,
            "confirmation_was_authenticated": false,
            "delivery_policy": "",
            "endpoint": "ankeambom@gmail.com",
            "endpoint_auto_confirms": false,
            "filter_policy": "",
            "filter_policy_scope": "",
            "id": "arn:aws:sns:us-east-1:891377252221:alarm-topic:7dddb9a8-2823-4bea-85e3-2df7d331c779",
            "owner_id": "891377252221",
            "pending_confirmation": true,
            "protocol": "email",
            "raw_message_delivery": false,
            "redrive_policy": "",
            "replay_policy": "",
            "subscription_role_arn": "",
            "topic_arn": "arn:aws:sns:us-east-1:891377252221:alarm-topic"
          },
          "sensitive_attributes": [],
          "private": "bnVsbA==",
          "dependencies": [
            "aws_sns_topic.alarm_topic"
          ]
        }
      ]
    },
    {
      "mode": "managed",
      "type": "local_file",
      "name": "private_key",
      "provider": "provider[\"registry.terraform.io/hashicorp/local\"]",
      "instances": [
        {
          "schema_version": 0,
          "attributes": {
            "content": "-----BEGIN RSA PRIVATE KEY-----\nMIIEowIBAAKCAQEAp7HQXm2ufpHfsHDzeZ0Ek9DGnJGO7IUf5BDSMgThvuI8IUhw\nvF54cIHgjYgZe8QLCVd04B0Wl0MlQRyoQFdiJTSkvXb8wfgtXQBnCPD07F/+dmib\nwhdsl4L/gb57BZQ4kwM8L2O6mqIpMWFQwlHfZCcEPcCxEMNXpD1Iktx0tAMAhOA1\nNQs6aAtes2UBU5fN91QUnfHBLPjRL9H1mhLVn8yGtHKc/DYJdz8l6JI6xpvaeC/P\nmqknQ9xCH1Lfl3u3e7MxxFiDBDKXVHfJQykOR5cYCtRPBMLBYF0LR/9rrhFXYtxe\n3Vn3L5YBZNT16IrGxfbUlxX4ALuDoIZbuEwwhQIDAQABAoIBAGH5GATjTcwyy56Z\nDxahLvhxRGha/kafLFehoDyK750HLhw/52WWSAVrS9dEiabujYgiqWz6caVkHFLj\nPEWDCBs2m3z6FIf6x/4K6yelJ2MmXlOtoDqQVuhaJ48Uy2kiBL+XZ0VEndQUI77u\n3TD6hmpMBUVS2+AwUHbrOwhadnBoUecGMFKgNdc5C6QB5eUGrwMzyGRQKRiuMwCC\nLxEikJTSKkaipxMkxsl+FZJUOtCDlDRh5P4y+BIw1p6Izx/e/auOPbOHZl6AR6f2\nHs9y8t0RGIqWXVDyAP+i51o8SDjAs5jXJxMsGNKxV2EWxK5mteXAl7CDK8fVLZGS\nuwjkgE0CgYEA3iSBoCdalCGOcYWHCocIl+U0Goppp4vPEQJFgy9yG1+NSvYtU3ej\nxQij5Hk8rEfdeo0ynSxVXdyNKLoGlkGOUtnh8s65Qf1vGpSzg00otC5whN5wLz7r\nGc+vv4BHJADDuBIickCbEbZ0rRxqB7jLcZ6Mb4EX6bIpwkvgQypiEtsCgYEAwUDf\nAtvZXTU5u7BoT7CZ9kfO4OO3ZpmKAR71Yu37u4TLIxtQO+01SSFpLVWDpGgkcedM\nN1ugd3IRPd2EFw1sczlWAFVTIMKuuDS9WR6Db3knttGMlOqBmXk1snFRtrsoN/I9\n0cXFEU0fM93GbgWF0VYlvXlamEJNA4l6woqkOB8CgYBxUtxR8GGT+f5pyT2X0EVA\n/+txsrSthXQv8CG4B8dFUZyJ5kY/M2R3iq3ZS0P5e3vwHgH5DnnKNU5JvYTIuE67\n020h6fW2RWydeciOLhmauaorDjLa11UmSL4WioFAS6eMyquJ741sHtEs0rcAk3Qt\n1T09UPT7AimtdfnFKeT4SwKBgQCuU0RYodUL/W1c357Y8+eOf+wgdYoFJU+V/0U/\nvomr9/f+bS8NP8cndtoXqOIdNkxZ61mXPjIcTWs8MUxsNxGzRu9LUayxCqztQbXk\nZGAP+GxYv+JemsPZm7tSgmJBwcZf4UbeqdZA6x7QfKf4q0axNVLJ/mQ4oOYz4Jo6\nTzIf5QKBgCvS3TnyISCbTotAgN1RrIJ5zlEcoCVESdWaruIGe2irqUSibh1whpoY\nSuScCQBIHTHOqZnffSkEumjrhT0RBK9j0dBzo2+ZViJ9KQ0tc80hhM0+LgCN0oDN\nNX9AJEWRtvKJ19Dprmqaei40dzomubsl0j/pJLvqACOi9lJc40vl\n-----END RSA PRIVATE KEY-----\n",
            "content_base64": null,
            "content_base64sha256": "Hq+5LAHaeDSR2BG3nqWs3InTXpmUsi8uDkigvf1nWb0=",
            "content_base64sha512": "yDZ7x/tmzBTAoxEKDhUjWnaQLt0IU8fInGbZHwfQ/wQE9WboGIZ3gGdTy85AIVsM9QKgIyRWKuDLXX2/qDILuQ==",
            "content_md5": "36ffb31956d46fd3a7d9cf032b8400ee",
            "content_sha1": "c0c76a942148f1b84ae1dfe1fc027f451781b1e3",
            "content_sha256": "1eafb92c01da783491d811b79ea5acdc89d35e9994b22f2e0e48a0bdfd6759bd",
            "content_sha512": "c8367bc7fb66cc14c0a3110a0e15235a76902edd0853c7c89c66d91f07d0ff0404f566e8188677806753cbce40215b0cf502a02324562ae0cb5d7dbfa8320bb9",
            "directory_permission": "0777",
            "file_permission": "0600",
            "filename": "./redhat-instance-key.pem",
            "id": "c0c76a942148f1b84ae1dfe1fc027f451781b1e3",
            "sensitive_content": null,
            "source": null
          },
          "sensitive_attributes": [
            [
              {
                "type": "get_attr",
                "value": "sensitive_content"
              }
            ],
            [
              {
                "type": "get_attr",
                "value": "content"
              }
            ]
          ],
          "dependencies": [
            "tls_private_key.ssh_key"
          ]
        }
      ]
    },
    {
      "mode": "managed",
      "type": "tls_private_key",
      "name": "ssh_key",
      "provider": "provider[\"registry.terraform.io/hashicorp/tls\"]",
      "instances": [
        {
          "schema_version": 1,
          "attributes": {
            "algorithm": "RSA",
            "ecdsa_curve": "P224",
            "id": "71ab3967949bbb4e79e8a79557b43f2f8be8a74c",
            "private_key_openssh": "-----BEGIN OPENSSH PRIVATE KEY-----\nb3BlbnNzaC1rZXktdjEAAAAABG5vbmUAAAAEbm9uZQAAAAAAAAABAAABFwAAAAdz\nc2gtcnNhAAAAAwEAAQAAAQEAp7HQXm2ufpHfsHDzeZ0Ek9DGnJGO7IUf5BDSMgTh\nvuI8IUhwvF54cIHgjYgZe8QLCVd04B0Wl0MlQRyoQFdiJTSkvXb8wfgtXQBnCPD0\n7F/+dmibwhdsl4L/gb57BZQ4kwM8L2O6mqIpMWFQwlHfZCcEPcCxEMNXpD1Iktx0\ntAMAhOA1NQs6aAtes2UBU5fN91QUnfHBLPjRL9H1mhLVn8yGtHKc/DYJdz8l6JI6\nxpvaeC/PmqknQ9xCH1Lfl3u3e7MxxFiDBDKXVHfJQykOR5cYCtRPBMLBYF0LR/9r\nrhFXYtxe3Vn3L5YBZNT16IrGxfbUlxX4ALuDoIZbuEwwhQAAA7hQsdjDULHYwwAA\nAAdzc2gtcnNhAAABAQCnsdBeba5+kd+wcPN5nQST0MackY7shR/kENIyBOG+4jwh\nSHC8XnhwgeCNiBl7xAsJV3TgHRaXQyVBHKhAV2IlNKS9dvzB+C1dAGcI8PTsX/52\naJvCF2yXgv+BvnsFlDiTAzwvY7qaoikxYVDCUd9kJwQ9wLEQw1ekPUiS3HS0AwCE\n4DU1CzpoC16zZQFTl833VBSd8cEs+NEv0fWaEtWfzIa0cpz8Ngl3PyXokjrGm9p4\nL8+aqSdD3EIfUt+Xe7d7szHEWIMEMpdUd8lDKQ5HlxgK1E8EwsFgXQtH/2uuEVdi\n3F7dWfcvlgFk1PXoisbF9tSXFfgAu4Oghlu4TDCFAAAAAwEAAQAAAQBh+RgE403M\nMsuemQ8WoS74cURoWv5GnyxXoaA8iu+dBy4cP+dllkgFa0vXRImm7o2IIqls+nGl\nZBxS4zxFgwgbNpt8+hSH+sf+CusnpSdjJl5TraA6kFboWiePFMtpIgS/l2dFRJ3U\nFCO+7t0w+oZqTAVFUtvgMFB26zsIWnZwaFHnBjBSoDXXOQukAeXlBq8DM8hkUCkY\nrjMAgi8RIpCU0ipGoqcTJMbJfhWSVDrQg5Q0YeT+MvgSMNaeiM8f3v2rjj2zh2Ze\ngEen9h7PcvLdERiKll1Q8gD/oudaPEg4wLOY1ycTLBjSsVdhFsSuZrXlwJewgyvH\n1S2RkrsI5IBNAAAAgCvS3TnyISCbTotAgN1RrIJ5zlEcoCVESdWaruIGe2irqUSi\nbh1whpoYSuScCQBIHTHOqZnffSkEumjrhT0RBK9j0dBzo2+ZViJ9KQ0tc80hhM0+\nLgCN0oDNNX9AJEWRtvKJ19Dprmqaei40dzomubsl0j/pJLvqACOi9lJc40vlAAAA\ngQDeJIGgJ1qUIY5xhYcKhwiX5TQaimmni88RAkWDL3IbX41K9i1Td6PFCKPkeTys\nR916jTKdLFVd3I0ougaWQY5S2eHyzrlB/W8alLODTSi0LnCE3nAvPusZz6+/gEck\nAMO4EiJyQJsRtnStHGoHuMtxnoxvgRfpsinCS+BDKmIS2wAAAIEAwUDfAtvZXTU5\nu7BoT7CZ9kfO4OO3ZpmKAR71Yu37u4TLIxtQO+01SSFpLVWDpGgkcedMN1ugd3IR\nPd2EFw1sczlWAFVTIMKuuDS9WR6Db3knttGMlOqBmXk1snFRtrsoN/I90cXFEU0f\nM93GbgWF0VYlvXlamEJNA4l6woqkOB8AAAAAAQID\n-----END OPENSSH PRIVATE KEY-----\n",
            "private_key_pem": "-----BEGIN RSA PRIVATE KEY-----\nMIIEowIBAAKCAQEAp7HQXm2ufpHfsHDzeZ0Ek9DGnJGO7IUf5BDSMgThvuI8IUhw\nvF54cIHgjYgZe8QLCVd04B0Wl0MlQRyoQFdiJTSkvXb8wfgtXQBnCPD07F/+dmib\nwhdsl4L/gb57BZQ4kwM8L2O6mqIpMWFQwlHfZCcEPcCxEMNXpD1Iktx0tAMAhOA1\nNQs6aAtes2UBU5fN91QUnfHBLPjRL9H1mhLVn8yGtHKc/DYJdz8l6JI6xpvaeC/P\nmqknQ9xCH1Lfl3u3e7MxxFiDBDKXVHfJQykOR5cYCtRPBMLBYF0LR/9rrhFXYtxe\n3Vn3L5YBZNT16IrGxfbUlxX4ALuDoIZbuEwwhQIDAQABAoIBAGH5GATjTcwyy56Z\nDxahLvhxRGha/kafLFehoDyK750HLhw/52WWSAVrS9dEiabujYgiqWz6caVkHFLj\nPEWDCBs2m3z6FIf6x/4K6yelJ2MmXlOtoDqQVuhaJ48Uy2kiBL+XZ0VEndQUI77u\n3TD6hmpMBUVS2+AwUHbrOwhadnBoUecGMFKgNdc5C6QB5eUGrwMzyGRQKRiuMwCC\nLxEikJTSKkaipxMkxsl+FZJUOtCDlDRh5P4y+BIw1p6Izx/e/auOPbOHZl6AR6f2\nHs9y8t0RGIqWXVDyAP+i51o8SDjAs5jXJxMsGNKxV2EWxK5mteXAl7CDK8fVLZGS\nuwjkgE0CgYEA3iSBoCdalCGOcYWHCocIl+U0Goppp4vPEQJFgy9yG1+NSvYtU3ej\nxQij5Hk8rEfdeo0ynSxVXdyNKLoGlkGOUtnh8s65Qf1vGpSzg00otC5whN5wLz7r\nGc+vv4BHJADDuBIickCbEbZ0rRxqB7jLcZ6Mb4EX6bIpwkvgQypiEtsCgYEAwUDf\nAtvZXTU5u7BoT7CZ9kfO4OO3ZpmKAR71Yu37u4TLIxtQO+01SSFpLVWDpGgkcedM\nN1ugd3IRPd2EFw1sczlWAFVTIMKuuDS9WR6Db3knttGMlOqBmXk1snFRtrsoN/I9\n0cXFEU0fM93GbgWF0VYlvXlamEJNA4l6woqkOB8CgYBxUtxR8GGT+f5pyT2X0EVA\n/+txsrSthXQv8CG4B8dFUZyJ5kY/M2R3iq3ZS0P5e3vwHgH5DnnKNU5JvYTIuE67\n020h6fW2RWydeciOLhmauaorDjLa11UmSL4WioFAS6eMyquJ741sHtEs0rcAk3Qt\n1T09UPT7AimtdfnFKeT4SwKBgQCuU0RYodUL/W1c357Y8+eOf+wgdYoFJU+V/0U/\nvomr9/f+bS8NP8cndtoXqOIdNkxZ61mXPjIcTWs8MUxsNxGzRu9LUayxCqztQbXk\nZGAP+GxYv+JemsPZm7tSgmJBwcZf4UbeqdZA6x7QfKf4q0axNVLJ/mQ4oOYz4Jo6\nTzIf5QKBgCvS3TnyISCbTotAgN1RrIJ5zlEcoCVESdWaruIGe2irqUSibh1whpoY\nSuScCQBIHTHOqZnffSkEumjrhT0RBK9j0dBzo2+ZViJ9KQ0tc80hhM0+LgCN0oDN\nNX9AJEWRtvKJ19Dprmqaei40dzomubsl0j/pJLvqACOi9lJc40vl\n-----END RSA PRIVATE KEY-----\n",
            "private_key_pem_pkcs8": "-----BEGIN PRIVATE KEY-----\nMIIEvQIBADANBgkqhkiG9w0BAQEFAASCBKcwggSjAgEAAoIBAQCnsdBeba5+kd+w\ncPN5nQST0MackY7shR/kENIyBOG+4jwhSHC8XnhwgeCNiBl7xAsJV3TgHRaXQyVB\nHKhAV2IlNKS9dvzB+C1dAGcI8PTsX/52aJvCF2yXgv+BvnsFlDiTAzwvY7qaoikx\nYVDCUd9kJwQ9wLEQw1ekPUiS3HS0AwCE4DU1CzpoC16zZQFTl833VBSd8cEs+NEv\n0fWaEtWfzIa0cpz8Ngl3PyXokjrGm9p4L8+aqSdD3EIfUt+Xe7d7szHEWIMEMpdU\nd8lDKQ5HlxgK1E8EwsFgXQtH/2uuEVdi3F7dWfcvlgFk1PXoisbF9tSXFfgAu4Og\nhlu4TDCFAgMBAAECggEAYfkYBONNzDLLnpkPFqEu+HFEaFr+Rp8sV6GgPIrvnQcu\nHD/nZZZIBWtL10SJpu6NiCKpbPpxpWQcUuM8RYMIGzabfPoUh/rH/grrJ6UnYyZe\nU62gOpBW6FonjxTLaSIEv5dnRUSd1BQjvu7dMPqGakwFRVLb4DBQdus7CFp2cGhR\n5wYwUqA11zkLpAHl5QavAzPIZFApGK4zAIIvESKQlNIqRqKnEyTGyX4VklQ60IOU\nNGHk/jL4EjDWnojPH979q449s4dmXoBHp/Yez3Ly3REYipZdUPIA/6LnWjxIOMCz\nmNcnEywY0rFXYRbErma15cCXsIMrx9UtkZK7COSATQKBgQDeJIGgJ1qUIY5xhYcK\nhwiX5TQaimmni88RAkWDL3IbX41K9i1Td6PFCKPkeTysR916jTKdLFVd3I0ougaW\nQY5S2eHyzrlB/W8alLODTSi0LnCE3nAvPusZz6+/gEckAMO4EiJyQJsRtnStHGoH\nuMtxnoxvgRfpsinCS+BDKmIS2wKBgQDBQN8C29ldNTm7sGhPsJn2R87g47dmmYoB\nHvVi7fu7hMsjG1A77TVJIWktVYOkaCRx50w3W6B3chE93YQXDWxzOVYAVVMgwq64\nNL1ZHoNveSe20YyU6oGZeTWycVG2uyg38j3RxcURTR8z3cZuBYXRViW9eVqYQk0D\niXrCiqQ4HwKBgHFS3FHwYZP5/mnJPZfQRUD/63GytK2FdC/wIbgHx0VRnInmRj8z\nZHeKrdlLQ/l7e/AeAfkOeco1Tkm9hMi4TrvTbSHp9bZFbJ15yI4uGZq5qisOMtrX\nVSZIvhaKgUBLp4zKq4nvjWwe0SzStwCTdC3VPT1Q9PsCKa11+cUp5PhLAoGBAK5T\nRFih1Qv9bVzfntjz545/7CB1igUlT5X/RT++iav39/5tLw0/xyd22heo4h02TFnr\nWZc+MhxNazwxTGw3EbNG70tRrLEKrO1BteRkYA/4bFi/4l6aw9mbu1KCYkHBxl/h\nRt6p1kDrHtB8p/irRrE1Usn+ZDig5jPgmjpPMh/lAoGAK9LdOfIhIJtOi0CA3VGs\ngnnOURygJURJ1Zqu4gZ7aKupRKJuHXCGmhhK5JwJAEgdMc6pmd99KQS6aOuFPREE\nr2PR0HOjb5lWIn0pDS1zzSGEzT4uAI3SgM01f0AkRZG28onX0Omuapp6LjR3Oia5\nuyXSP+kku+oAI6L2UlzjS+U=\n-----END PRIVATE KEY-----\n",
            "public_key_fingerprint_md5": "1d:cd:6e:be:65:0a:46:7a:d8:92:04:7d:68:27:a2:80",
            "public_key_fingerprint_sha256": "SHA256:SeXPzJtVgLP2Px2AbTaxIaGZmIoqo9qmo9SZn2f/6sg",
            "public_key_openssh": "ssh-rsa AAAAB3NzaC1yc2EAAAADAQABAAABAQCnsdBeba5+kd+wcPN5nQST0MackY7shR/kENIyBOG+4jwhSHC8XnhwgeCNiBl7xAsJV3TgHRaXQyVBHKhAV2IlNKS9dvzB+C1dAGcI8PTsX/52aJvCF2yXgv+BvnsFlDiTAzwvY7qaoikxYVDCUd9kJwQ9wLEQw1ekPUiS3HS0AwCE4DU1CzpoC16zZQFTl833VBSd8cEs+NEv0fWaEtWfzIa0cpz8Ngl3PyXokjrGm9p4L8+aqSdD3EIfUt+Xe7d7szHEWIMEMpdUd8lDKQ5HlxgK1E8EwsFgXQtH/2uuEVdi3F7dWfcvlgFk1PXoisbF9tSXFfgAu4Oghlu4TDCF\n",
            "public_key_pem": "-----BEGIN PUBLIC KEY-----\nMIIBIjANBgkqhkiG9w0BAQEFAAOCAQ8AMIIBCgKCAQEAp7HQXm2ufpHfsHDzeZ0E\nk9DGnJGO7IUf5BDSMgThvuI8IUhwvF54cIHgjYgZe8QLCVd04B0Wl0MlQRyoQFdi\nJTSkvXb8wfgtXQBnCPD07F/+dmibwhdsl4L/gb57BZQ4kwM8L2O6mqIpMWFQwlHf\nZCcEPcCxEMNXpD1Iktx0tAMAhOA1NQs6aAtes2UBU5fN91QUnfHBLPjRL9H1mhLV\nn8yGtHKc/DYJdz8l6JI6xpvaeC/PmqknQ9xCH1Lfl3u3e7MxxFiDBDKXVHfJQykO\nR5cYCtRPBMLBYF0LR/9rrhFXYtxe3Vn3L5YBZNT16IrGxfbUlxX4ALuDoIZbuEww\nhQIDAQAB\n-----END PUBLIC KEY-----\n",
            "rsa_bits": 2048
          },
          "sensitive_attributes": [
            [
              {
                "type": "get_attr",
                "value": "private_key_pem"
              }
            ],
            [
              {
                "type": "get_attr",
                "value": "private_key_pem_pkcs8"
              }
            ],
            [
              {
                "type": "get_attr",
                "value": "private_key_openssh"
              }
            ]
          ]
        }
      ]
    }
  ],
  "check_results": null
}
